
Microsoft Visual Studio Solution File, Format Version 12.00
Project("{FAE04EC0-301F-11D3-BF4B-00C04F79EFBC}") = "PremierLeague.Simulator", "PremierLeague.Simulator\PremierLeague.Simulator.csproj", "{131E2D28-FD5F-4706-92E6-6DF6B6699F15}"
EndProject
Global
	GlobalSection(SolutionConfigurationPlatforms) = preSolution
		Debug|Any CPU = Debug|Any CPU
		Release|Any CPU = Release|Any CPU
	EndGlobalSection
	GlobalSection(ProjectConfigurationPlatforms) = postSolution
		{131E2D28-FD5F-4706-92E6-6DF6B6699F15}.Debug|Any CPU.ActiveCfg = Debug|Any CPU
		{131E2D28-FD5F-4706-92E6-6DF6B6699F15}.Debug|Any CPU.Build.0 = Debug|Any CPU
		{131E2D28-FD5F-4706-92E6-6DF6B6699F15}.Release|Any CPU.ActiveCfg = Release|Any CPU
		{131E2D28-FD5F-4706-92E6-6DF6B6699F15}.Release|Any CPU.Build.0 = Release|Any CPU
	EndGlobalSection
EndGlobal
